
Microsoft Visual Studio Solution File, Format Version 12.00
# Visual Studio 15
VisualStudioVersion = 15.0.28307.1300
MinimumVisualStudioVersion = 10.0.40219.1
Project("{FAE04EC0-301F-11D3-BF4B-00C04F79EFBC}") = "BlogDemo", "BlogDemo\BlogDemo.csproj", "{68150740-7299-434B-8DD6-90E0BBC9A206}"
EndProject
Global
	GlobalSection(SolutionConfigurationPlatforms) = preSolution
		Debug|Any CPU = Debug|Any CPU
		Release|Any CPU = Release|Any CPU
	EndGlobalSection
	GlobalSection(ProjectConfigurationPlatforms) = postSolution
		{68150740-7299-434B-8DD6-90E0BBC9A206}.Debug|Any CPU.ActiveCfg = Debug|Any CPU
		{68150740-7299-434B-8DD6-90E0BBC9A206}.Debug|Any CPU.Build.0 = Debug|Any CPU
		{68150740-7299-434B-8DD6-90E0BBC9A206}.Release|Any CPU.ActiveCfg = Release|Any CPU
		{68150740-7299-434B-8DD6-90E0BBC9A206}.Release|Any CPU.Build.0 = Release|Any CPU
	EndGlobalSection
	GlobalSection(SolutionProperties) = preSolution
		HideSolutionNode = FALSE
	EndGlobalSection
	GlobalSection(ExtensibilityGlobals) = postSolution
		SolutionGuid = {32D4CB18-6F99-47C1-8A31-693644C52641}
	EndGlobalSection
EndGlobal
